// !$*UTF8*$!
{
	archiveVersion = 1;
	classes = {
	};
	objectVersion = 46;
	objects = {

/* Begin PBXBuildFile section */
		091C41B41E5EAFB800BB00C5 /* main.m in Sources */ = {isa = PBXBuildFile; fileRef = 091C41B31E5EAFB800BB00C5 /* main.m */; };
		091C41BF1E5EAFB800BB00C5 /* Assets.xcassets in Resources */ = {isa = PBXBuildFile; fileRef = 091C41BE1E5EAFB800BB00C5 /* Assets.xcassets */; };
		091C41C21E5EAFB800BB00C5 /* LaunchScreen.storyboard in Resources */ = {isa = PBXBuildFile; fileRef = 091C41C01E5EAFB800BB00C5 /* LaunchScreen.storyboard */; };
		091C41CD1E5EAFB800BB00C5 /* BigBurgerTests.m in Sources */ = {isa = PBXBuildFile; fileRef = 091C41CC1E5EAFB800BB00C5 /* BigBurgerTests.m */; };
		0949826D1E5EB29A00F12A20 /* AppDelegate.m in Sources */ = {isa = PBXBuildFile; fileRef = 0949826C1E5EB29A00F12A20 /* AppDelegate.m */; };
		094982751E5EB4D900F12A20 /* ProductsViewController.m in Sources */ = {isa = PBXBuildFile; fileRef = 094982731E5EB4D900F12A20 /* ProductsViewController.m */; };
		094982761E5EB4D900F12A20 /* ProductsViewController.xib in Resources */ = {isa = PBXBuildFile; fileRef = 094982741E5EB4D900F12A20 /* ProductsViewController.xib */; };
		0949827A1E5EB4F300F12A20 /* OrderViewController.m in Sources */ = {isa = PBXBuildFile; fileRef = 094982781E5EB4F300F12A20 /* OrderViewController.m */; };
		0949827B1E5EB4F300F12A20 /* OrderViewController.xib in Resources */ = {isa = PBXBuildFile; fileRef = 094982791E5EB4F300F12A20 /* OrderViewController.xib */; };
		098AD5B61E5EBA7800C9868F /* Order.m in Sources */ = {isa = PBXBuildFile; fileRef = 098AD5B51E5EBA7800C9868F /* Order.m */; };
		098AD5B91E5EBDBA00C9868F /* Product.m in Sources */ = {isa = PBXBuildFile; fileRef = 098AD5B81E5EBDBA00C9868F /* Product.m */; };
		098AD5BC1E5EBEC500C9868F /* ProductsManager.m in Sources */ = {isa = PBXBuildFile; fileRef = 098AD5BB1E5EBEC500C9868F /* ProductsManager.m */; };
		16BA65DD94D190BE62DE558D /* libPods-BigBurger.a in Frameworks */ = {isa = PBXBuildFile; fileRef = 8185732AB6987543244518D9 /* libPods-BigBurger.a */; };
		AD58775F1E5EE55B00C02643 /* ProductTableViewCell.m in Sources */ = {isa = PBXBuildFile; fileRef = AD58775D1E5EE55B00C02643 /* ProductTableViewCell.m */; };
		AD5877601E5EE55B00C02643 /* ProductTableViewCell.xib in Resources */ = {isa = PBXBuildFile; fileRef = AD58775E1E5EE55B00C02643 /* ProductTableViewCell.xib */; };
		AD5877631E5F10DF00C02643 /* ProductRow.m in Sources */ = {isa = PBXBuildFile; fileRef = AD5877621E5F10DF00C02643 /* ProductRow.m */; };
		AD5877661E5F186A00C02643 /* NetworkOperation.m in Sources */ = {isa = PBXBuildFile; fileRef = AD5877651E5F186A00C02643 /* NetworkOperation.m */; };
		AD5877691E5F18DF00C02643 /* ServiceAtlas.m in Sources */ = {isa = PBXBuildFile; fileRef = AD5877681E5F18DF00C02643 /* ServiceAtlas.m */; };
		AD58776D1E5F237E00C02643 /* ProductRowTableViewCell.m in Sources */ = {isa = PBXBuildFile; fileRef = AD58776B1E5F237E00C02643 /* ProductRowTableViewCell.m */; };
		AD58776E1E5F237E00C02643 /* ProductRowTableViewCell.xib in Resources */ = {isa = PBXBuildFile; fileRef = AD58776C1E5F237E00C02643 /* ProductRowTableViewCell.xib */; };
		AD5877711E5F314F00C02643 /* UIViewController+Toast.m in Sources */ = {isa = PBXBuildFile; fileRef = AD5877701E5F314F00C02643 /* UIViewController+Toast.m */; };
		EB455A1E24ADF13C937B4009 /* libPods-BigBurgerTests.a in Frameworks */ = {isa = PBXBuildFile; fileRef = 9D86C8CA6A9B9A21636B3641 /* libPods-BigBurgerTests.a */; };
/* End PBXBuildFile section */

/* Begin PBXContainerItemProxy section */
		091C41C91E5EAFB800BB00C5 /* PBXContainerItemProxy */ = {
			isa = PBXContainerItemProxy;
			containerPortal = 091C41A71E5EAFB800BB00C5 /* Project object */;
			proxyType = 1;
			remoteGlobalIDString = 091C41AE1E5EAFB800BB00C5;
			remoteInfo = BigBurger;
		};
/* End PBXContainerItemProxy section */

/* Begin PBXFileReference section */
		091C41AF1E5EAFB800BB00C5 /* BigBurger.app */ = {isa = PBXFileReference; explicitFileType = wrapper.application; includeInIndex = 0; path = BigBurger.app; sourceTree = BUILT_PRODUCTS_DIR; };
		091C41B31E5EAFB800BB00C5 /* main.m */ = {isa = PBXFileReference; lastKnownFileType = sourcecode.c.objc; path = main.m; sourceTree = "<group>"; };
		091C41BE1E5EAFB800BB00C5 /* Assets.xcassets */ = {isa = PBXFileReference; lastKnownFileType = folder.assetcatalog; path = Assets.xcassets; sourceTree = "<group>"; };
		091C41C11E5EAFB800BB00C5 /* Base */ = {isa = PBXFileReference; lastKnownFileType = file.storyboard; name = Base; path = Base.lproj/LaunchScreen.storyboard; sourceTree = "<group>"; };
		091C41C31E5EAFB800BB00C5 /* Info.plist */ = {isa = PBXFileReference; lastKnownFileType = text.plist.xml; path = Info.plist; sourceTree = "<group>"; };
		091C41C81E5EAFB800BB00C5 /* BigBurgerTests.xctest */ = {isa = PBXFileReference; explicitFileType = wrapper.cfbundle; includeInIndex = 0; path = BigBurgerTests.xctest; sourceTree = BUILT_PRODUCTS_DIR; };
		091C41CC1E5EAFB800BB00C5 /* BigBurgerTests.m */ = {isa = PBXFileReference; lastKnownFileType = sourcecode.c.objc; path = BigBurgerTests.m; sourceTree = "<group>"; };
		091C41CE1E5EAFB800BB00C5 /* Info.plist */ = {isa = PBXFileReference; lastKnownFileType = text.plist.xml; path = Info.plist; sourceTree = "<group>"; };
		0949826B1E5EB29A00F12A20 /* AppDelegate.h */ = {isa = PBXFileReference; fileEncoding = 4; lastKnownFileType = sourcecode.c.h; name = AppDelegate.h; path = Application/AppDelegate.h; sourceTree = "<group>"; };
		0949826C1E5EB29A00F12A20 /* AppDelegate.m */ = {isa = PBXFileReference; fileEncoding = 4; lastKnownFileType = sourcecode.c.objc; name = AppDelegate.m; path = Application/AppDelegate.m; sourceTree = "<group>"; };
		094982721E5EB4D900F12A20 /* ProductsViewController.h */ = {isa = PBXFileReference; fileEncoding = 4; lastKnownFileType = sourcecode.c.h; name = ProductsViewController.h; path = ViewControllers/ProductsViewController.h; sourceTree = "<group>"; };
		094982731E5EB4D900F12A20 /* ProductsViewController.m */ = {isa = PBXFileReference; fileEncoding = 4; lastKnownFileType = sourcecode.c.objc; name = ProductsViewController.m; path = ViewControllers/ProductsViewController.m; sourceTree = "<group>"; };
		094982741E5EB4D900F12A20 /* ProductsViewController.xib */ = {isa = PBXFileReference; fileEncoding = 4; lastKnownFileType = file.xib; name = ProductsViewController.xib; path = ViewControllers/ProductsViewController.xib; sourceTree = "<group>"; };
		094982771E5EB4F300F12A20 /* OrderViewController.h */ = {isa = PBXFileReference; fileEncoding = 4; lastKnownFileType = sourcecode.c.h; name = OrderViewController.h; path = ViewControllers/OrderViewController.h; sourceTree = "<group>"; };
		094982781E5EB4F300F12A20 /* OrderViewController.m */ = {isa = PBXFileReference; fileEncoding = 4; lastKnownFileType = sourcecode.c.objc; name = OrderViewController.m; path = ViewControllers/OrderViewController.m; sourceTree = "<group>"; };
		094982791E5EB4F300F12A20 /* OrderViewController.xib */ = {isa = PBXFileReference; fileEncoding = 4; lastKnownFileType = file.xib; name = OrderViewController.xib; path = ViewControllers/OrderViewController.xib; sourceTree = "<group>"; };
		098AD5B41E5EBA7800C9868F /* Order.h */ = {isa = PBXFileReference; fileEncoding = 4; lastKnownFileType = sourcecode.c.h; name = Order.h; path = Models/Order.h; sourceTree = "<group>"; };
		098AD5B51E5EBA7800C9868F /* Order.m */ = {isa = PBXFileReference; fileEncoding = 4; lastKnownFileType = sourcecode.c.objc; name = Order.m; path = Models/Order.m; sourceTree = "<group>"; };
		098AD5B71E5EBDBA00C9868F /* Product.h */ = {isa = PBXFileReference; fileEncoding = 4; lastKnownFileType = sourcecode.c.h; name = Product.h; path = Models/Product.h; sourceTree = "<group>"; };
		098AD5B81E5EBDBA00C9868F /* Product.m */ = {isa = PBXFileReference; fileEncoding = 4; lastKnownFileType = sourcecode.c.objc; name = Product.m; path = Models/Product.m; sourceTree = "<group>"; };
		098AD5BA1E5EBEC500C9868F /* ProductsManager.h */ = {isa = PBXFileReference; fileEncoding = 4; lastKnownFileType = sourcecode.c.h; name = ProductsManager.h; path = Managers/ProductsManager.h; sourceTree = "<group>"; };
		098AD5BB1E5EBEC500C9868F /* ProductsManager.m */ = {isa = PBXFileReference; fileEncoding = 4; lastKnownFileType = sourcecode.c.objc; name = ProductsManager.m; path = Managers/ProductsManager.m; sourceTree = "<group>"; };
		358A92B14E3DB2D290FD32FE /* Pods-BigBurgerTests.release.xcconfig */ = {isa = PBXFileReference; includeInIndex = 1; lastKnownFileType = text.xcconfig; name = "Pods-BigBurgerTests.release.xcconfig"; path = "Pods/Target Support Files/Pods-BigBurgerTests/Pods-BigBurgerTests.release.xcconfig"; sourceTree = "<group>"; };
		8185732AB6987543244518D9 /* libPods-BigBurger.a */ = {isa = PBXFileReference; explicitFileType = archive.ar; includeInIndex = 0; path = "libPods-BigBurger.a"; sourceTree = BUILT_PRODUCTS_DIR; };
		91355B065C5C9A570829182D /* Pods-BigBurgerTests.debug.xcconfig */ = {isa = PBXFileReference; includeInIndex = 1; lastKnownFileType = text.xcconfig; name = "Pods-BigBurgerTests.debug.xcconfig"; path = "Pods/Target Support Files/Pods-BigBurgerTests/Pods-BigBurgerTests.debug.xcconfig"; sourceTree = "<group>"; };
		9D86C8CA6A9B9A21636B3641 /* libPods-BigBurgerTests.a */ = {isa = PBXFileReference; explicitFileType = archive.ar; includeInIndex = 0; path = "libPods-BigBurgerTests.a"; sourceTree = BUILT_PRODUCTS_DIR; };
		AD58775C1E5EE55B00C02643 /* ProductTableViewCell.h */ = {isa = PBXFileReference; fileEncoding = 4; lastKnownFileType = sourcecode.c.h; name = ProductTableViewCell.h; path = ViewControllers/ProductTableViewCell.h; sourceTree = "<group>"; };
		AD58775D1E5EE55B00C02643 /* ProductTableViewCell.m */ = {isa = PBXFileReference; fileEncoding = 4; lastKnownFileType = sourcecode.c.objc; name = ProductTableViewCell.m; path = ViewControllers/ProductTableViewCell.m; sourceTree = "<group>"; };
		AD58775E1E5EE55B00C02643 /* ProductTableViewCell.xib */ = {isa = PBXFileReference; fileEncoding = 4; lastKnownFileType = file.xib; name = ProductTableViewCell.xib; path = ViewControllers/ProductTableViewCell.xib; sourceTree = "<group>"; };
		AD5877611E5F10DF00C02643 /* ProductRow.h */ = {isa = PBXFileReference; fileEncoding = 4; lastKnownFileType = sourcecode.c.h; name = ProductRow.h; path = Models/ProductRow.h; sourceTree = "<group>"; };
		AD5877621E5F10DF00C02643 /* ProductRow.m */ = {isa = PBXFileReference; fileEncoding = 4; lastKnownFileType = sourcecode.c.objc; name = ProductRow.m; path = Models/ProductRow.m; sourceTree = "<group>"; };
		AD5877641E5F186A00C02643 /* NetworkOperation.h */ = {isa = PBXFileReference; fileEncoding = 4; lastKnownFileType = sourcecode.c.h; name = NetworkOperation.h; path = DAL/NetworkOperation.h; sourceTree = "<group>"; };
		AD5877651E5F186A00C02643 /* NetworkOperation.m */ = {isa = PBXFileReference; fileEncoding = 4; lastKnownFileType = sourcecode.c.objc; name = NetworkOperation.m; path = DAL/NetworkOperation.m; sourceTree = "<group>"; };
		AD5877671E5F18DF00C02643 /* ServiceAtlas.h */ = {isa = PBXFileReference; fileEncoding = 4; lastKnownFileType = sourcecode.c.h; name = ServiceAtlas.h; path = DAL/ServiceAtlas.h; sourceTree = "<group>"; };
		AD5877681E5F18DF00C02643 /* ServiceAtlas.m */ = {isa = PBXFileReference; fileEncoding = 4; lastKnownFileType = sourcecode.c.objc; name = ServiceAtlas.m; path = DAL/ServiceAtlas.m; sourceTree = "<group>"; };
		AD58776A1E5F237E00C02643 /* ProductRowTableViewCell.h */ = {isa = PBXFileReference; fileEncoding = 4; lastKnownFileType = sourcecode.c.h; name = ProductRowTableViewCell.h; path = ViewControllers/ProductRowTableViewCell.h; sourceTree = "<group>"; };
		AD58776B1E5F237E00C02643 /* ProductRowTableViewCell.m */ = {isa = PBXFileReference; fileEncoding = 4; lastKnownFileType = sourcecode.c.objc; name = ProductRowTableViewCell.m; path = ViewControllers/ProductRowTableViewCell.m; sourceTree = "<group>"; };
		AD58776C1E5F237E00C02643 /* ProductRowTableViewCell.xib */ = {isa = PBXFileReference; fileEncoding = 4; lastKnownFileType = file.xib; name = ProductRowTableViewCell.xib; path = ViewControllers/ProductRowTableViewCell.xib; sourceTree = "<group>"; };
		AD58776F1E5F314F00C02643 /* UIViewController+Toast.h */ = {isa = PBXFileReference; fileEncoding = 4; lastKnownFileType = sourcecode.c.h; name = "UIViewController+Toast.h"; path = "Utils/UIViewController+Toast.h"; sourceTree = "<group>"; };
		AD5877701E5F314F00C02643 /* UIViewController+Toast.m */ = {isa = PBXFileReference; fileEncoding = 4; lastKnownFileType = sourcecode.c.objc; name = "UIViewController+Toast.m"; path = "Utils/UIViewController+Toast.m"; sourceTree = "<group>"; };
		D421D1BBFDE3CC628E804CB3 /* Pods-BigBurger.debug.xcconfig */ = {isa = PBXFileReference; includeInIndex = 1; lastKnownFileType = text.xcconfig; name = "Pods-BigBurger.debug.xcconfig"; path = "Pods/Target Support Files/Pods-BigBurger/Pods-BigBurger.debug.xcconfig"; sourceTree = "<group>"; };
		E28995A0BD79163933659E32 /* Pods-BigBurger.release.xcconfig */ = {isa = PBXFileReference; includeInIndex = 1; lastKnownFileType = text.xcconfig; name = "Pods-BigBurger.release.xcconfig"; path = "Pods/Target Support Files/Pods-BigBurger/Pods-BigBurger.release.xcconfig"; sourceTree = "<group>"; };
/* End PBXFileReference section */

/* Begin PBXFrameworksBuildPhase section */
		091C41AC1E5EAFB800BB00C5 /* Frameworks */ = {
			isa = PBXFrameworksBuildPhase;
			buildActionMask = 2147483647;
			files = (
				16BA65DD94D190BE62DE558D /* libPods-BigBurger.a in Frameworks */,
			);
			runOnlyForDeploymentPostprocessing = 0;
		};
		091C41C51E5EAFB800BB00C5 /* Frameworks */ = {
			isa = PBXFrameworksBuildPhase;
			buildActionMask = 2147483647;
			files = (
				EB455A1E24ADF13C937B4009 /* libPods-BigBurgerTests.a in Frameworks */,
			);
			runOnlyForDeploymentPostprocessing = 0;
		};
/* End PBXFrameworksBuildPhase section */

/* Begin PBXGroup section */
		091C41A61E5EAFB800BB00C5 = {
			isa = PBXGroup;
			children = (
				091C41B11E5EAFB800BB00C5 /* BigBurger */,
				091C41CB1E5EAFB800BB00C5 /* BigBurgerTests */,
				091C41B01E5EAFB800BB00C5 /* Products */,
				502F9229F62FAAA6EA6B4C94 /* Pods */,
				219C23C045084A670F987B87 /* Frameworks */,
			);
			sourceTree = "<group>";
		};
		091C41B01E5EAFB800BB00C5 /* Products */ = {
			isa = PBXGroup;
			children = (
				091C41AF1E5EAFB800BB00C5 /* BigBurger.app */,
				091C41C81E5EAFB800BB00C5 /* BigBurgerTests.xctest */,
			);
			name = Products;
			sourceTree = "<group>";
		};
		091C41B11E5EAFB800BB00C5 /* BigBurger */ = {
			isa = PBXGroup;
			children = (
				0949826A1E5EB24A00F12A20 /* Application */,
				094982701E5EB30500F12A20 /* ViewControllers */,
				0949826F1E5EB2BC00F12A20 /* Managers */,
				09E0DB141E5EB5C500178CFB /* Models */,
				0949826E1E5EB2B600F12A20 /* DAL */,
				094982711E5EB31900F12A20 /* Utils */,
				091C41BE1E5EAFB800BB00C5 /* Assets.xcassets */,
				091C41B21E5EAFB800BB00C5 /* Supporting Files */,
			);
			path = BigBurger;
			sourceTree = "<group>";
		};
		091C41B21E5EAFB800BB00C5 /* Supporting Files */ = {
			isa = PBXGroup;
			children = (
				091C41C01E5EAFB800BB00C5 /* LaunchScreen.storyboard */,
				091C41C31E5EAFB800BB00C5 /* Info.plist */,
				091C41B31E5EAFB800BB00C5 /* main.m */,
			);
			name = "Supporting Files";
			sourceTree = "<group>";
		};
		091C41CB1E5EAFB800BB00C5 /* BigBurgerTests */ = {
			isa = PBXGroup;
			children = (
				091C41CC1E5EAFB800BB00C5 /* BigBurgerTests.m */,
				091C41CE1E5EAFB800BB00C5 /* Info.plist */,
			);
			path = BigBurgerTests;
			sourceTree = "<group>";
		};
		0949826A1E5EB24A00F12A20 /* Application */ = {
			isa = PBXGroup;
			children = (
				0949826B1E5EB29A00F12A20 /* AppDelegate.h */,
				0949826C1E5EB29A00F12A20 /* AppDelegate.m */,
			);
			name = Application;
			sourceTree = "<group>";
		};
		0949826E1E5EB2B600F12A20 /* DAL */ = {
			isa = PBXGroup;
			children = (
				AD5877641E5F186A00C02643 /* NetworkOperation.h */,
				AD5877651E5F186A00C02643 /* NetworkOperation.m */,
				AD5877671E5F18DF00C02643 /* ServiceAtlas.h */,
				AD5877681E5F18DF00C02643 /* ServiceAtlas.m */,
			);
			name = DAL;
			sourceTree = "<group>";
		};
		0949826F1E5EB2BC00F12A20 /* Managers */ = {
			isa = PBXGroup;
			children = (
				098AD5BA1E5EBEC500C9868F /* ProductsManager.h */,
				098AD5BB1E5EBEC500C9868F /* ProductsManager.m */,
			);
			name = Managers;
			sourceTree = "<group>";
		};
		094982701E5EB30500F12A20 /* ViewControllers */ = {
			isa = PBXGroup;
			children = (
				AD58775A1E5EE52600C02643 /* ProductsViewController */,
				AD58775B1E5EE53B00C02643 /* OrderViewController */,
			);
			name = ViewControllers;
			sourceTree = "<group>";
		};
		094982711E5EB31900F12A20 /* Utils */ = {
			isa = PBXGroup;
			children = (
				AD58776F1E5F314F00C02643 /* UIViewController+Toast.h */,
				AD5877701E5F314F00C02643 /* UIViewController+Toast.m */,
			);
			name = Utils;
			sourceTree = "<group>";
		};
		09E0DB141E5EB5C500178CFB /* Models */ = {
			isa = PBXGroup;
			children = (
				098AD5B71E5EBDBA00C9868F /* Product.h */,
				098AD5B81E5EBDBA00C9868F /* Product.m */,
				AD5877611E5F10DF00C02643 /* ProductRow.h */,
				AD5877621E5F10DF00C02643 /* ProductRow.m */,
				098AD5B41E5EBA7800C9868F /* Order.h */,
				098AD5B51E5EBA7800C9868F /* Order.m */,
			);
			name = Models;
			sourceTree = "<group>";
		};
		219C23C045084A670F987B87 /* Frameworks */ = {
			isa = PBXGroup;
			children = (
				8185732AB6987543244518D9 /* libPods-BigBurger.a */,
				9D86C8CA6A9B9A21636B3641 /* libPods-BigBurgerTests.a */,
			);
			name = Frameworks;
			sourceTree = "<group>";
		};
		502F9229F62FAAA6EA6B4C94 /* Pods */ = {
			isa = PBXGroup;
			children = (
				D421D1BBFDE3CC628E804CB3 /* Pods-BigBurger.debug.xcconfig */,
				E28995A0BD79163933659E32 /* Pods-BigBurger.release.xcconfig */,
				91355B065C5C9A570829182D /* Pods-BigBurgerTests.debug.xcconfig */,
				358A92B14E3DB2D290FD32FE /* Pods-BigBurgerTests.release.xcconfig */,
			);
			name = Pods;
			sourceTree = "<group>";
		};
		AD58775A1E5EE52600C02643 /* ProductsViewController */ = {
			isa = PBXGroup;
			children = (
				094982721E5EB4D900F12A20 /* ProductsViewController.h */,
				094982731E5EB4D900F12A20 /* ProductsViewController.m */,
				094982741E5EB4D900F12A20 /* ProductsViewController.xib */,
				AD58775C1E5EE55B00C02643 /* ProductTableViewCell.h */,
				AD58775D1E5EE55B00C02643 /* ProductTableViewCell.m */,
				AD58775E1E5EE55B00C02643 /* ProductTableViewCell.xib */,
			);
			name = ProductsViewController;
			sourceTree = "<group>";
		};
		AD58775B1E5EE53B00C02643 /* OrderViewController */ = {
			isa = PBXGroup;
			children = (
				094982771E5EB4F300F12A20 /* OrderViewController.h */,
				094982781E5EB4F300F12A20 /* OrderViewController.m */,
				094982791E5EB4F300F12A20 /* OrderViewController.xib */,
				AD58776A1E5F237E00C02643 /* ProductRowTableViewCell.h */,
				AD58776B1E5F237E00C02643 /* ProductRowTableViewCell.m */,
				AD58776C1E5F237E00C02643 /* ProductRowTableViewCell.xib */,
			);
			name = OrderViewController;
			sourceTree = "<group>";
		};
/* End PBXGroup section */

/* Begin PBXNativeTarget section */
		091C41AE1E5EAFB800BB00C5 /* BigBurger */ = {
			isa = PBXNativeTarget;
			buildConfigurationList = 091C41D11E5EAFB800BB00C5 /* Build configuration list for PBXNativeTarget "BigBurger" */;
			buildPhases = (
				F44931E90120C8739FB59C05 /* [CP] Check Pods Manifest.lock */,
				091C41AB1E5EAFB800BB00C5 /* Sources */,
				091C41AC1E5EAFB800BB00C5 /* Frameworks */,
				091C41AD1E5EAFB800BB00C5 /* Resources */,
				FA4D2A2FDC4489279284CB89 /* [CP] Embed Pods Frameworks */,
				7E6FA68E1D8088F1E6B8F647 /* [CP] Copy Pods Resources */,
			);
			buildRules = (
			);
			dependencies = (
			);
			name = BigBurger;
			productName = BigBurger;
			productReference = 091C41AF1E5EAFB800BB00C5 /* BigBurger.app */;
			productType = "com.apple.product-type.application";
		};
		091C41C71E5EAFB800BB00C5 /* BigBurgerTests */ = {
			isa = PBXNativeTarget;
			buildConfigurationList = 091C41D41E5EAFB800BB00C5 /* Build configuration list for PBXNativeTarget "BigBurgerTests" */;
			buildPhases = (
				2663B10A33477CBB45845F16 /* [CP] Check Pods Manifest.lock */,
				091C41C41E5EAFB800BB00C5 /* Sources */,
				091C41C51E5EAFB800BB00C5 /* Frameworks */,
				091C41C61E5EAFB800BB00C5 /* Resources */,
				0D0D814536C28092356DCEAE /* [CP] Embed Pods Frameworks */,
				44A2CCFB997A6E7D0636D763 /* [CP] Copy Pods Resources */,
			);
			buildRules = (
			);
			dependencies = (
				091C41CA1E5EAFB800BB00C5 /* PBXTargetDependency */,
			);
			name = BigBurgerTests;
			productName = BigBurgerTests;
			productReference = 091C41C81E5EAFB800BB00C5 /* BigBurgerTests.xctest */;
			productType = "com.apple.product-type.bundle.unit-test";
		};
/* End PBXNativeTarget section */

/* Begin PBXProject section */
		091C41A71E5EAFB800BB00C5 /* Project object */ = {
			isa = PBXProject;
			attributes = {
				LastUpgradeCheck = 0820;
				ORGANIZATIONNAME = Telolahy;
				TargetAttributes = {
					091C41AE1E5EAFB800BB00C5 = {
						CreatedOnToolsVersion = 8.2;
						ProvisioningStyle = Manual;
					};
					091C41C71E5EAFB800BB00C5 = {
						CreatedOnToolsVersion = 8.2;
						ProvisioningStyle = Automatic;
						TestTargetID = 091C41AE1E5EAFB800BB00C5;
					};
				};
			};
			buildConfigurationList = 091C41AA1E5EAFB800BB00C5 /* Build configuration list for PBXProject "BigBurger" */;
			compatibilityVersion = "Xcode 3.2";
			developmentRegion = English;
			hasScannedForEncodings = 0;
			knownRegions = (
				en,
				Base,
			);
			mainGroup = 091C41A61E5EAFB800BB00C5;
			productRefGroup = 091C41B01E5EAFB800BB00C5 /* Products */;
			projectDirPath = "";
			projectRoot = "";
			targets = (
				091C41AE1E5EAFB800BB00C5 /* BigBurger */,
				091C41C71E5EAFB800BB00C5 /* BigBurgerTests */,
			);
		};
/* End PBXProject section */

/* Begin PBXResourcesBuildPhase section */
		091C41AD1E5EAFB800BB00C5 /* Resources */ = {
			isa = PBXResourcesBuildPhase;
			buildActionMask = 2147483647;
			files = (
				AD58776E1E5F237E00C02643 /* ProductRowTableViewCell.xib in Resources */,
				091C41C21E5EAFB800BB00C5 /* LaunchScreen.storyboard in Resources */,
				091C41BF1E5EAFB800BB00C5 /* Assets.xcassets in Resources */,
				AD5877601E5EE55B00C02643 /* ProductTableViewCell.xib in Resources */,
				0949827B1E5EB4F300F12A20 /* OrderViewController.xib in Resources */,
				094982761E5EB4D900F12A20 /* ProductsViewController.xib in Resources */,
			);
			runOnlyForDeploymentPostprocessing = 0;
		};
		091C41C61E5EAFB800BB00C5 /* Resources */ = {
			isa = PBXResourcesBuildPhase;
			buildActionMask = 2147483647;
			files = (
			);
			runOnlyForDeploymentPostprocessing = 0;
		};
/* End PBXResourcesBuildPhase section */

/* Begin PBXShellScriptBuildPhase section */
		0D0D814536C28092356DCEAE /* [CP] Embed Pods Frameworks */ = {
			isa = PBXShellScriptBuildPhase;
			buildActionMask = 2147483647;
			files = (
			);
			inputPaths = (
			);
			name = "[CP] Embed Pods Frameworks";
			outputPaths = (
			);
			runOnlyForDeploymentPostprocessing = 0;
			shellPath = /bin/sh;
			shellScript = "\"${SRCROOT}/Pods/Target Support Files/Pods-BigBurgerTests/Pods-BigBurgerTests-frameworks.sh\"\n";
			showEnvVarsInLog = 0;
		};
		2663B10A33477CBB45845F16 /* [CP] Check Pods Manifest.lock */ = {
			isa = PBXShellScriptBuildPhase;
			buildActionMask = 2147483647;
			files = (
			);
			inputPaths = (
				"${PODS_PODFILE_DIR_PATH}/Podfile.lock",
				"${PODS_ROOT}/Manifest.lock",
			);
			name = "[CP] Check Pods Manifest.lock";
			outputPaths = (
				"$(DERIVED_FILE_DIR)/Pods-BigBurgerTests-checkManifestLockResult.txt",
			);
			runOnlyForDeploymentPostprocessing = 0;
			shellPath = /bin/sh;
			shellScript = "diff \"${PODS_PODFILE_DIR_PATH}/Podfile.lock\" \"${PODS_ROOT}/Manifest.lock\" > /dev/null\nif [ $? != 0 ] ; then\n    # print error to STDERR\n    echo \"error: The sandbox is not in sync with the Podfile.lock. Run 'pod install' or update your CocoaPods installation.\" >&2\n    exit 1\nfi\n# This output is used by Xcode 'outputs' to avoid re-running this script phase.\necho \"SUCCESS\" > \"${SCRIPT_OUTPUT_FILE_0}\"\n";
			showEnvVarsInLog = 0;
		};
		44A2CCFB997A6E7D0636D763 /* [CP] Copy Pods Resources */ = {
			isa = PBXShellScriptBuildPhase;
			buildActionMask = 2147483647;
			files = (
			);
			inputPaths = (
			);
			name = "[CP] Copy Pods Resources";
			outputPaths = (
			);
			runOnlyForDeploymentPostprocessing = 0;
			shellPath = /bin/sh;
			shellScript = "\"${SRCROOT}/Pods/Target Support Files/Pods-BigBurgerTests/Pods-BigBurgerTests-resources.sh\"\n";
			showEnvVarsInLog = 0;
		};
		7E6FA68E1D8088F1E6B8F647 /* [CP] Copy Pods Resources */ = {
			isa = PBXShellScriptBuildPhase;
			buildActionMask = 2147483647;
			files = (
			);
			inputPaths = (
			);
			name = "[CP] Copy Pods Resources";
			outputPaths = (
			);
			runOnlyForDeploymentPostprocessing = 0;
			shellPath = /bin/sh;
			shellScript = "\"${SRCROOT}/Pods/Target Support Files/Pods-BigBurger/Pods-BigBurger-resources.sh\"\n";
			showEnvVarsInLog = 0;
		};
		F44931E90120C8739FB59C05 /* [CP] Check Pods Manifest.lock */ = {
			isa = PBXShellScriptBuildPhase;
			buildActionMask = 2147483647;
			files = (
			);
			inputPaths = (
				"${PODS_PODFILE_DIR_PATH}/Podfile.lock",
				"${PODS_ROOT}/Manifest.lock",
			);
			name = "[CP] Check Pods Manifest.lock";
			outputPaths = (
				"$(DERIVED_FILE_DIR)/Pods-BigBurger-checkManifestLockResult.txt",
			);
			runOnlyForDeploymentPostprocessing = 0;
			shellPath = /bin/sh;
			shellScript = "diff \"${PODS_PODFILE_DIR_PATH}/Podfile.lock\" \"${PODS_ROOT}/Manifest.lock\" > /dev/null\nif [ $? != 0 ] ; then\n    # print error to STDERR\n    echo \"error: The sandbox is not in sync with the Podfile.lock. Run 'pod install' or update your CocoaPods installation.\" >&2\n    exit 1\nfi\n# This output is used by Xcode 'outputs' to avoid re-running this script phase.\necho \"SUCCESS\" > \"${SCRIPT_OUTPUT_FILE_0}\"\n";
			showEnvVarsInLog = 0;
		};
		FA4D2A2FDC4489279284CB89 /* [CP] Embed Pods Frameworks */ = {
			isa = PBXShellScriptBuildPhase;
			buildActionMask = 2147483647;
			files = (
			);
			inputPaths = (
			);
			name = "[CP] Embed Pods Frameworks";
			outputPaths = (
			);
			runOnlyForDeploymentPostprocessing = 0;
			shellPath = /bin/sh;
			shellScript = "\"${SRCROOT}/Pods/Target Support Files/Pods-BigBurger/Pods-BigBurger-frameworks.sh\"\n";
			showEnvVarsInLog = 0;
		};
/* End PBXShellScriptBuildPhase section */

/* Begin PBXSourcesBuildPhase section */
		091C41AB1E5EAFB800BB00C5 /* Sources */ = {
			isa = PBXSourcesBuildPhase;
			buildActionMask = 2147483647;
			files = (
				0949827A1E5EB4F300F12A20 /* OrderViewController.m in Sources */,
				098AD5B61E5EBA7800C9868F /* Order.m in Sources */,
				091C41B41E5EAFB800BB00C5 /* main.m in Sources */,
				AD5877711E5F314F00C02643 /* UIViewController+Toast.m in Sources */,
				098AD5BC1E5EBEC500C9868F /* ProductsManager.m in Sources */,
				AD58776D1E5F237E00C02643 /* ProductRowTableViewCell.m in Sources */,
				098AD5B91E5EBDBA00C9868F /* Product.m in Sources */,
				AD58775F1E5EE55B00C02643 /* ProductTableViewCell.m in Sources */,
				AD5877661E5F186A00C02643 /* NetworkOperation.m in Sources */,
				AD5877691E5F18DF00C02643 /* ServiceAtlas.m in Sources */,
				094982751E5EB4D900F12A20 /* ProductsViewController.m in Sources */,
				AD5877631E5F10DF00C02643 /* ProductRow.m in Sources */,
				0949826D1E5EB29A00F12A20 /* AppDelegate.m in Sources */,
			);
			runOnlyForDeploymentPostprocessing = 0;
		};
		091C41C41E5EAFB800BB00C5 /* Sources */ = {
			isa = PBXSourcesBuildPhase;
			buildActionMask = 2147483647;
			files = (
				091C41CD1E5EAFB800BB00C5 /* BigBurgerTests.m in Sources */,
			);
			runOnlyForDeploymentPostprocessing = 0;
		};
/* End PBXSourcesBuildPhase section */

/* Begin PBXTargetDependency section */
		091C41CA1E5EAFB800BB00C5 /* PBXTargetDependency */ = {
			isa = PBXTargetDependency;
			target = 091C41AE1E5EAFB800BB00C5 /* BigBurger */;
			targetProxy = 091C41C91E5EAFB800BB00C5 /* PBXContainerItemProxy */;
		};
/* End PBXTargetDependency section */

/* Begin PBXVariantGroup section */
		091C41C01E5EAFB800BB00C5 /* LaunchScreen.storyboard */ = {
			isa = PBXVariantGroup;
			children = (
				091C41C11E5EAFB800BB00C5 /* Base */,
			);
			name = LaunchScreen.storyboard;
			sourceTree = "<group>";
		};
/* End PBXVariantGroup section */

/* Begin XCBuildConfiguration section */
		091C41CF1E5EAFB800BB00C5 /* Debug */ = {
			isa = XCBuildConfiguration;
			buildSettings = {
				ALWAYS_SEARCH_USER_PATHS = NO;
				CLANG_ANALYZER_NONNULL = YES;
				CLANG_CXX_LANGUAGE_STANDARD = "gnu++0x";
				CLANG_CXX_LIBRARY = "libc++";
				CLANG_ENABLE_MODULES = YES;
				CLANG_ENABLE_OBJC_ARC = YES;
				CLANG_WARN_BOOL_CONVERSION = YES;
				CLANG_WARN_CONSTANT_CONVERSION = YES;
				CLANG_WARN_DIRECT_OBJC_ISA_USAGE = YES_ERROR;
				CLANG_WARN_DOCUMENTATION_COMMENTS = YES;
				CLANG_WARN_EMPTY_BODY = YES;
				CLANG_WARN_ENUM_CONVERSION = YES;
				CLANG_WARN_INFINITE_RECURSION = YES;
				CLANG_WARN_INT_CONVERSION = YES;
				CLANG_WARN_OBJC_ROOT_CLASS = YES_ERROR;
				CLANG_WARN_SUSPICIOUS_MOVE = YES;
				CLANG_WARN_UNREACHABLE_CODE = YES;
				CLANG_WARN__DUPLICATE_METHOD_MATCH = YES;
				"CODE_SIGN_IDENTITY[sdk=iphoneos*]" = "iPhone Developer";
				COPY_PHASE_STRIP = NO;
				DEBUG_INFORMATION_FORMAT = dwarf;
				ENABLE_STRICT_OBJC_MSGSEND = YES;
				ENABLE_TESTABILITY = YES;
				GCC_C_LANGUAGE_STANDARD = gnu99;
				GCC_DYNAMIC_NO_PIC = NO;
				GCC_NO_COMMON_BLOCKS = YES;
				GCC_OPTIMIZATION_LEVEL = 0;
				GCC_PREPROCESSOR_DEFINITIONS = (
					"DEBUG=1",
					"$(inherited)",
				);
				GCC_WARN_64_TO_32_BIT_CONVERSION = YES;
				GCC_WARN_ABOUT_RETURN_TYPE = YES_ERROR;
				GCC_WARN_UNDECLARED_SELECTOR = YES;
				GCC_WARN_UNINITIALIZED_AUTOS = YES_AGGRESSIVE;
				GCC_WARN_UNUSED_FUNCTION = YES;
				GCC_WARN_UNUSED_VARIABLE = YES;
				IPHONEOS_DEPLOYMENT_TARGET = 10.2;
				MTL_ENABLE_DEBUG_INFO = YES;
				ONLY_ACTIVE_ARCH = YES;
				SDKROOT = iphoneos;
			};
			name = Debug;
		};
		091C41D01E5EAFB800BB00C5 /* Release */ = {
			isa = XCBuildConfiguration;
			buildSettings = {
				ALWAYS_SEARCH_USER_PATHS = NO;
				CLANG_ANALYZER_NONNULL = YES;
				CLANG_CXX_LANGUAGE_STANDARD = "gnu++0x";
				CLANG_CXX_LIBRARY = "libc++";
				CLANG_ENABLE_MODULES = YES;
				CLANG_ENABLE_OBJC_ARC = YES;
				CLANG_WARN_BOOL_CONVERSION = YES;
				CLANG_WARN_CONSTANT_CONVERSION = YES;
				CLANG_WARN_DIRECT_OBJC_ISA_USAGE = YES_ERROR;
				CLANG_WARN_DOCUMENTATION_COMMENTS = YES;
				CLANG_WARN_EMPTY_BODY = YES;
				CLANG_WARN_ENUM_CONVERSION = YES;
				CLANG_WARN_INFINITE_RECURSION = YES;
				CLANG_WARN_INT_CONVERSION = YES;
				CLANG_WARN_OBJC_ROOT_CLASS = YES_ERROR;
				CLANG_WARN_SUSPICIOUS_MOVE = YES;
				CLANG_WARN_UNREACHABLE_CODE = YES;
				CLANG_WARN__DUPLICATE_METHOD_MATCH = YES;
				"CODE_SIGN_IDENTITY[sdk=iphoneos*]" = "iPhone Developer";
				COPY_PHASE_STRIP = NO;
				DEBUG_INFORMATION_FORMAT = "dwarf-with-dsym";
				ENABLE_NS_ASSERTIONS = NO;
				ENABLE_STRICT_OBJC_MSGSEND = YES;
				GCC_C_LANGUAGE_STANDARD = gnu99;
				GCC_NO_COMMON_BLOCKS = YES;
				GCC_WARN_64_TO_32_BIT_CONVERSION = YES;
				GCC_WARN_ABOUT_RETURN_TYPE = YES_ERROR;
				GCC_WARN_UNDECLARED_SELECTOR = YES;
				GCC_WARN_UNINITIALIZED_AUTOS = YES_AGGRESSIVE;
				GCC_WARN_UNUSED_FUNCTION = YES;
				GCC_WARN_UNUSED_VARIABLE = YES;
				IPHONEOS_DEPLOYMENT_TARGET = 10.2;
				MTL_ENABLE_DEBUG_INFO = NO;
				SDKROOT = iphoneos;
				VALIDATE_PRODUCT = YES;
			};
			name = Release;
		};
		091C41D21E5EAFB800BB00C5 /* Debug */ = {
			isa = XCBuildConfiguration;
			baseConfigurationReference = D421D1BBFDE3CC628E804CB3 /* Pods-BigBurger.debug.xcconfig */;
			buildSettings = {
				ASSETCATALOG_COMPILER_APPICON_NAME = AppIcon;
				DEVELOPMENT_TEAM = "";
				INFOPLIST_FILE = BigBurger/Info.plist;
				IPHONEOS_DEPLOYMENT_TARGET = 8.0;
				LD_RUNPATH_SEARCH_PATHS = "$(inherited) @executable_path/Frameworks";
				PRODUCT_BUNDLE_IDENTIFIER = com.telolahy.BigBurger;
				PRODUCT_NAME = "$(TARGET_NAME)";
			};
			name = Debug;
		};
		091C41D31E5EAFB800BB00C5 /* Release */ = {
			isa = XCBuildConfiguration;
			baseConfigurationReference = E28995A0BD79163933659E32 /* Pods-BigBurger.release.xcconfig */;
			buildSettings = {
				ASSETCATALOG_COMPILER_APPICON_NAME = AppIcon;
				DEVELOPMENT_TEAM = "";
				INFOPLIST_FILE = BigBurger/Info.plist;
				IPHONEOS_DEPLOYMENT_TARGET = 8.0;
				LD_RUNPATH_SEARCH_PATHS = "$(inherited) @executable_path/Frameworks";
				PRODUCT_BUNDLE_IDENTIFIER = com.telolahy.BigBurger;
				PRODUCT_NAME = "$(TARGET_NAME)";
			};
			name = Release;
		};
		091C41D51E5EAFB800BB00C5 /* Debug */ = {
			isa = XCBuildConfiguration;
			baseConfigurationReference = 91355B065C5C9A570829182D /* Pods-BigBurgerTests.debug.xcconfig */;
			buildSettings = {
				BUNDLE_LOADER = "$(TEST_HOST)";
				INFOPLIST_FILE = BigBurgerTests/Info.plist;
				LD_RUNPATH_SEARCH_PATHS = "$(inherited) @executable_path/Frameworks @loader_path/Frameworks";
				PRODUCT_BUNDLE_IDENTIFIER = com.telolahy.BigBurgerTests;
				PRODUCT_NAME = "$(TARGET_NAME)";
				TEST_HOST = "$(BUILT_PRODUCTS_DIR)/BigBurger.app/BigBurger";
			};
			name = Debug;
		};
		091C41D61E5EAFB800BB00C5 /* Release */ = {
			isa = XCBuildConfiguration;
			baseConfigurationReference = 358A92B14E3DB2D290FD32FE /* Pods-BigBurgerTests.release.xcconfig */;
			buildSettings = {
				BUNDLE_LOADER = "$(TEST_HOST)";
				INFOPLIST_FILE = BigBurgerTests/Info.plist;
				LD_RUNPATH_SEARCH_PATHS = "$(inherited) @executable_path/Frameworks @loader_path/Frameworks";
				PRODUCT_BUNDLE_IDENTIFIER = com.telolahy.BigBurgerTests;
				PRODUCT_NAME = "$(TARGET_NAME)";
				TEST_HOST = "$(BUILT_PRODUCTS_DIR)/BigBurger.app/BigBurger";
			};
			name = Release;
		};
/* End XCBuildConfiguration section */

/* Begin XCConfigurationList section */
		091C41AA1E5EAFB800BB00C5 /* Build configuration list for PBXProject "BigBurger" */ = {
			isa = XCConfigurationList;
			buildConfigurations = (
				091C41CF1E5EAFB800BB00C5 /* Debug */,
				091C41D01E5EAFB800BB00C5 /* Release */,
			);
			defaultConfigurationIsVisible = 0;
			defaultConfigurationName = Release;
		};
		091C41D11E5EAFB800BB00C5 /* Build configuration list for PBXNativeTarget "BigBurger" */ = {
			isa = XCConfigurationList;
			buildConfigurations = (
				091C41D21E5EAFB800BB00C5 /* Debug */,
				091C41D31E5EAFB800BB00C5 /* Release */,
			);
			defaultConfigurationIsVisible = 0;
			defaultConfigurationName = Release;
		};
		091C41D41E5EAFB800BB00C5 /* Build configuration list for PBXNativeTarget "BigBurgerTests" */ = {
			isa = XCConfigurationList;
			buildConfigurations = (
				091C41D51E5EAFB800BB00C5 /* Debug */,
				091C41D61E5EAFB800BB00C5 /* Release */,
			);
			defaultConfigurationIsVisible = 0;
			defaultConfigurationName = Release;
		};
/* End XCConfigurationList section */
	};
	rootObject = 091C41A71E5EAFB800BB00C5 /* Project object */;
}
